
Microsoft Visual Studio Solution File, Format Version 12.00
# Visual Studio Version 17
VisualStudioVersion = 17.5.002.0
MinimumVisualStudioVersion = 10.0.40219.1
Project("{2150E333-8FDC-42A3-9474-1A3956D46DE8}") = "Chapter2", "Chapter2", "{80CC11F9-8902-45C9-9DB0-BC03DB3090AB}"
EndProject
Project("{9A19103F-16F7-4668-BE54-9A1E7A4F7556}") = "Car_Inheritance", "Chapter2\Car_Inheritance\Car_Inheritance.csproj", "{DE755E98-8157-4251-8FDB-B26A78888D1C}"
EndProject
Global
	GlobalSection(SolutionConfigurationPlatforms) = preSolution
		Debug|Any CPU = Debug|Any CPU
		Release|Any CPU = Release|Any CPU
	EndGlobalSection
	GlobalSection(ProjectConfigurationPlatforms) = postSolution
		{DE755E98-8157-4251-8FDB-B26A78888D1C}.Debug|Any CPU.ActiveCfg = Debug|Any CPU
		{DE755E98-8157-4251-8FDB-B26A78888D1C}.Debug|Any CPU.Build.0 = Debug|Any CPU
		{DE755E98-8157-4251-8FDB-B26A78888D1C}.Release|Any CPU.ActiveCfg = Release|Any CPU
		{DE755E98-8157-4251-8FDB-B26A78888D1C}.Release|Any CPU.Build.0 = Release|Any CPU
	EndGlobalSection
	GlobalSection(SolutionProperties) = preSolution
		HideSolutionNode = FALSE
	EndGlobalSection
	GlobalSection(NestedProjects) = preSolution
		{DE755E98-8157-4251-8FDB-B26A78888D1C} = {80CC11F9-8902-45C9-9DB0-BC03DB3090AB}
	EndGlobalSection
	GlobalSection(ExtensibilityGlobals) = postSolution
		SolutionGuid = {C4A9B64C-AE22-4C0C-B5EF-6943633EDF72}
	EndGlobalSection
EndGlobal
